
Microsoft Visual Studio Solution File, Format Version 12.00
# Visual Studio Version 17
VisualStudioVersion = 17.0.31423.177
MinimumVisualStudioVersion = 10.0.40219.1
Project("{FAE04EC0-301F-11D3-BF4B-00C04F79EFBC}") = "MSFSAsVisuals.Server", "Server\MSFSAsVisuals.Server.csproj", "{597864E6-EBB8-4C91-8456-0D0DED8FD5FE}"
	ProjectSection(ProjectDependencies) = postProject
		{C33D91C3-C33F-4A3B-B9AD-69E55C259516} = {C33D91C3-C33F-4A3B-B9AD-69E55C259516}
	EndProjectSection
EndProject
Project("{FAE04EC0-301F-11D3-BF4B-00C04F79EFBC}") = "MSFSAsVisuals.Client", "Client\MSFSAsVisuals.Client.csproj", "{32A2C059-E112-40C9-A7CA-0E01C4C9C98B}"
	ProjectSection(ProjectDependencies) = postProject
		{C33D91C3-C33F-4A3B-B9AD-69E55C259516} = {C33D91C3-C33F-4A3B-B9AD-69E55C259516}
	EndProjectSection
EndProject
Project("{FAE04EC0-301F-11D3-BF4B-00C04F79EFBC}") = "MSFSAsVisuals.Shared", "Shared\MSFSAsVisuals.Shared.csproj", "{C33D91C3-C33F-4A3B-B9AD-69E55C259516}"
EndProject
Global
	GlobalSection(SolutionConfigurationPlatforms) = preSolution
		Debug|Any CPU = Debug|Any CPU
		Release|Any CPU = Release|Any CPU
	EndGlobalSection
	GlobalSection(ProjectConfigurationPlatforms) = postSolution
		{597864E6-EBB8-4C91-8456-0D0DED8FD5FE}.Debug|Any CPU.ActiveCfg = Debug|Any CPU
		{597864E6-EBB8-4C91-8456-0D0DED8FD5FE}.Debug|Any CPU.Build.0 = Debug|Any CPU
		{597864E6-EBB8-4C91-8456-0D0DED8FD5FE}.Release|Any CPU.ActiveCfg = Release|Any CPU
		{597864E6-EBB8-4C91-8456-0D0DED8FD5FE}.Release|Any CPU.Build.0 = Release|Any CPU
		{32A2C059-E112-40C9-A7CA-0E01C4C9C98B}.Debug|Any CPU.ActiveCfg = Debug|Any CPU
		{32A2C059-E112-40C9-A7CA-0E01C4C9C98B}.Debug|Any CPU.Build.0 = Debug|Any CPU
		{32A2C059-E112-40C9-A7CA-0E01C4C9C98B}.Release|Any CPU.ActiveCfg = Release|Any CPU
		{32A2C059-E112-40C9-A7CA-0E01C4C9C98B}.Release|Any CPU.Build.0 = Release|Any CPU
		{C33D91C3-C33F-4A3B-B9AD-69E55C259516}.Debug|Any CPU.ActiveCfg = Debug|Any CPU
		{C33D91C3-C33F-4A3B-B9AD-69E55C259516}.Debug|Any CPU.Build.0 = Debug|Any CPU
		{C33D91C3-C33F-4A3B-B9AD-69E55C259516}.Release|Any CPU.ActiveCfg = Release|Any CPU
		{C33D91C3-C33F-4A3B-B9AD-69E55C259516}.Release|Any CPU.Build.0 = Release|Any CPU
	EndGlobalSection
	GlobalSection(SolutionProperties) = preSolution
		HideSolutionNode = FALSE
	EndGlobalSection
	GlobalSection(ExtensibilityGlobals) = postSolution
		SolutionGuid = {B657A0C0-B23B-4A80-89C0-5CAC3BD40CD1}
	EndGlobalSection
EndGlobal
